
Microsoft Visual Studio Solution File, Format Version 12.00
# Visual Studio Version 16
VisualStudioVersion = 16.0.29306.81
MinimumVisualStudioVersion = 10.0.40219.1
Project("{888888A0-9F3D-457C-B088-3A5042F75D52}") = "pysubgroup-project", "pysubgroup-project.pyproj", "{B516F102-74B1-490D-9D76-EDCAE37FBF73}"
EndProject
Global
	GlobalSection(SolutionConfigurationPlatforms) = preSolution
		Debug|Any CPU = Debug|Any CPU
		Release|Any CPU = Release|Any CPU
	EndGlobalSection
	GlobalSection(ProjectConfigurationPlatforms) = postSolution
		{B516F102-74B1-490D-9D76-EDCAE37FBF73}.Debug|Any CPU.ActiveCfg = Debug|Any CPU
		{B516F102-74B1-490D-9D76-EDCAE37FBF73}.Release|Any CPU.ActiveCfg = Release|Any CPU
	EndGlobalSection
	GlobalSection(SolutionProperties) = preSolution
		HideSolutionNode = FALSE
	EndGlobalSection
	GlobalSection(ExtensibilityGlobals) = postSolution
		SolutionGuid = {539BA0E6-0702-4542-8C15-A7889DFAA619}
	EndGlobalSection
EndGlobal
